
Microsoft Visual Studio Solution File, Format Version 12.00
# Visual Studio Version 17
VisualStudioVersion = 17.14.36301.6 d17.14
MinimumVisualStudioVersion = 10.0.40219.1
Project("{FAE04EC0-301F-11D3-BF4B-00C04F79EFBC}") = "QuizGameProject", "QuizGameProject.csproj", "{5A2E8128-7C5F-41BC-B80C-51427A8D37F3}"
EndProject
Global
	GlobalSection(SolutionConfigurationPlatforms) = preSolution
		Debug|Any CPU = Debug|Any CPU
		Release|Any CPU = Release|Any CPU
	EndGlobalSection
	GlobalSection(ProjectConfigurationPlatforms) = postSolution
		{5A2E8128-7C5F-41BC-B80C-51427A8D37F3}.Debug|Any CPU.ActiveCfg = Debug|Any CPU
		{5A2E8128-7C5F-41BC-B80C-51427A8D37F3}.Debug|Any CPU.Build.0 = Debug|Any CPU
		{5A2E8128-7C5F-41BC-B80C-51427A8D37F3}.Release|Any CPU.ActiveCfg = Release|Any CPU
		{5A2E8128-7C5F-41BC-B80C-51427A8D37F3}.Release|Any CPU.Build.0 = Release|Any CPU
	EndGlobalSection
	GlobalSection(SolutionProperties) = preSolution
		HideSolutionNode = FALSE
	EndGlobalSection
	GlobalSection(ExtensibilityGlobals) = postSolution
		SolutionGuid = {E0CC3D2B-E6DF-4396-8087-6FA54E3BA353}
	EndGlobalSection
EndGlobal
